// !$*UTF8*$!
{
	archiveVersion = 1;
	classes = {
	};
	objectVersion = 77;
	objects = {

/* Begin PBXBuildFile section */
		ED2A1FEC2E4FE40200596C91 /* Inject in Frameworks */ = {isa = PBXBuildFile; productRef = ED2A1FEB2E4FE40200596C91 /* Inject */; };
		ED2A20732E50EDC300596C91 /* ARKit.framework in Frameworks */ = {isa = PBXBuildFile; fileRef = ED2A20712E50EDAF00596C91 /* ARKit.framework */; };
/* End PBXBuildFile section */

/* Begin PBXContainerItemProxy section */
		ED2A1FCD2E4FBEE100596C91 /* PBXContainerItemProxy */ = {
			isa = PBXContainerItemProxy;
			containerPortal = ED2A1FB52E4FBEDF00596C91 /* Project object */;
			proxyType = 1;
			remoteGlobalIDString = ED2A1FBC2E4FBEE000596C91;
			remoteInfo = "human-tetris";
		};
		ED2A1FD72E4FBEE100596C91 /* PBXContainerItemProxy */ = {
			isa = PBXContainerItemProxy;
			containerPortal = ED2A1FB52E4FBEDF00596C91 /* Project object */;
			proxyType = 1;
			remoteGlobalIDString = ED2A1FBC2E4FBEE000596C91;
			remoteInfo = "human-tetris";
		};
/* End PBXContainerItemProxy section */

/* Begin PBXFileReference section */
		ED2A1FBD2E4FBEE000596C91 /* human-tetris.app */ = {isa = PBXFileReference; explicitFileType = wrapper.application; includeInIndex = 0; path = "human-tetris.app"; sourceTree = BUILT_PRODUCTS_DIR; };
		ED2A1FCC2E4FBEE100596C91 /* human-tetrisTests.xctest */ = {isa = PBXFileReference; explicitFileType = wrapper.cfbundle; includeInIndex = 0; path = "human-tetrisTests.xctest"; sourceTree = BUILT_PRODUCTS_DIR; };
		ED2A1FD62E4FBEE100596C91 /* human-tetrisUITests.xctest */ = {isa = PBXFileReference; explicitFileType = wrapper.cfbundle; includeInIndex = 0; path = "human-tetrisUITests.xctest"; sourceTree = BUILT_PRODUCTS_DIR; };
		ED2A20712E50EDAF00596C91 /* ARKit.framework */ = {isa = PBXFileReference; lastKnownFileType = wrapper.framework; name = ARKit.framework; path = System/Library/Frameworks/ARKit.framework; sourceTree = SDKROOT; };
/* End PBXFileReference section */

/* Begin PBXFileSystemSynchronizedRootGroup section */
		ED2A1FBF2E4FBEE000596C91 /* human-tetris */ = {
			isa = PBXFileSystemSynchronizedRootGroup;
			path = "human-tetris";
			sourceTree = "<group>";
		};
		ED2A1FCF2E4FBEE100596C91 /* human-tetrisTests */ = {
			isa = PBXFileSystemSynchronizedRootGroup;
			path = "human-tetrisTests";
			sourceTree = "<group>";
		};
		ED2A1FD92E4FBEE100596C91 /* human-tetrisUITests */ = {
			isa = PBXFileSystemSynchronizedRootGroup;
			path = "human-tetrisUITests";
			sourceTree = "<group>";
		};
/* End PBXFileSystemSynchronizedRootGroup section */

/* Begin PBXFrameworksBuildPhase section */
		ED2A1FBA2E4FBEE000596C91 /* Frameworks */ = {
			isa = PBXFrameworksBuildPhase;
			buildActionMask = 2147483647;
			files = (
				ED2A20732E50EDC300596C91 /* ARKit.framework in Frameworks */,
				ED2A1FEC2E4FE40200596C91 /* Inject in Frameworks */,
			);
			runOnlyForDeploymentPostprocessing = 0;
		};
		ED2A1FC92E4FBEE100596C91 /* Frameworks */ = {
			isa = PBXFrameworksBuildPhase;
			buildActionMask = 2147483647;
			files = (
			);
			runOnlyForDeploymentPostprocessing = 0;
		};
		ED2A1FD32E4FBEE100596C91 /* Frameworks */ = {
			isa = PBXFrameworksBuildPhase;
			buildActionMask = 2147483647;
			files = (
			);
			runOnlyForDeploymentPostprocessing = 0;
		};
/* End PBXFrameworksBuildPhase section */

/* Begin PBXGroup section */
		ED2A1FB42E4FBEDF00596C91 = {
			isa = PBXGroup;
			children = (
				ED2A1FBF2E4FBEE000596C91 /* human-tetris */,
				ED2A1FCF2E4FBEE100596C91 /* human-tetrisTests */,
				ED2A1FD92E4FBEE100596C91 /* human-tetrisUITests */,
				ED2A1FEA2E4FE40200596C91 /* Frameworks */,
				ED2A1FBE2E4FBEE000596C91 /* Products */,
			);
			sourceTree = "<group>";
		};
		ED2A1FBE2E4FBEE000596C91 /* Products */ = {
			isa = PBXGroup;
			children = (
				ED2A1FBD2E4FBEE000596C91 /* human-tetris.app */,
				ED2A1FCC2E4FBEE100596C91 /* human-tetrisTests.xctest */,
				ED2A1FD62E4FBEE100596C91 /* human-tetrisUITests.xctest */,
			);
			name = Products;
			sourceTree = "<group>";
		};
		ED2A1FEA2E4FE40200596C91 /* Frameworks */ = {
			isa = PBXGroup;
			children = (
				ED2A20712E50EDAF00596C91 /* ARKit.framework */,
			);
			name = Frameworks;
			sourceTree = "<group>";
		};
/* End PBXGroup section */

/* Begin PBXNativeTarget section */
		ED2A1FBC2E4FBEE000596C91 /* human-tetris */ = {
			isa = PBXNativeTarget;
			buildConfigurationList = ED2A1FE02E4FBEE100596C91 /* Build configuration list for PBXNativeTarget "human-tetris" */;
			buildPhases = (
				ED2A1FB92E4FBEE000596C91 /* Sources */,
				ED2A1FBA2E4FBEE000596C91 /* Frameworks */,
				ED2A1FBB2E4FBEE000596C91 /* Resources */,
			);
			buildRules = (
			);
			dependencies = (
			);
			fileSystemSynchronizedGroups = (
				ED2A1FBF2E4FBEE000596C91 /* human-tetris */,
			);
			name = "human-tetris";
			packageProductDependencies = (
				ED2A1FEB2E4FE40200596C91 /* Inject */,
			);
			productName = "human-tetris";
			productReference = ED2A1FBD2E4FBEE000596C91 /* human-tetris.app */;
			productType = "com.apple.product-type.application";
		};
		ED2A1FCB2E4FBEE100596C91 /* human-tetrisTests */ = {
			isa = PBXNativeTarget;
			buildConfigurationList = ED2A1FE32E4FBEE100596C91 /* Build configuration list for PBXNativeTarget "human-tetrisTests" */;
			buildPhases = (
				ED2A1FC82E4FBEE100596C91 /* Sources */,
				ED2A1FC92E4FBEE100596C91 /* Frameworks */,
				ED2A1FCA2E4FBEE100596C91 /* Resources */,
			);
			buildRules = (
			);
			dependencies = (
				ED2A1FCE2E4FBEE100596C91 /* PBXTargetDependency */,
			);
			fileSystemSynchronizedGroups = (
				ED2A1FCF2E4FBEE100596C91 /* human-tetrisTests */,
			);
			name = "human-tetrisTests";
			packageProductDependencies = (
			);
			productName = "human-tetrisTests";
			productReference = ED2A1FCC2E4FBEE100596C91 /* human-tetrisTests.xctest */;
			productType = "com.apple.product-type.bundle.unit-test";
		};
		ED2A1FD52E4FBEE100596C91 /* human-tetrisUITests */ = {
			isa = PBXNativeTarget;
			buildConfigurationList = ED2A1FE62E4FBEE100596C91 /* Build configuration list for PBXNativeTarget "human-tetrisUITests" */;
			buildPhases = (
				ED2A1FD22E4FBEE100596C91 /* Sources */,
				ED2A1FD32E4FBEE100596C91 /* Frameworks */,
				ED2A1FD42E4FBEE100596C91 /* Resources */,
			);
			buildRules = (
			);
			dependencies = (
				ED2A1FD82E4FBEE100596C91 /* PBXTargetDependency */,
			);
			fileSystemSynchronizedGroups = (
				ED2A1FD92E4FBEE100596C91 /* human-tetrisUITests */,
			);
			name = "human-tetrisUITests";
			packageProductDependencies = (
			);
			productName = "human-tetrisUITests";
			productReference = ED2A1FD62E4FBEE100596C91 /* human-tetrisUITests.xctest */;
			productType = "com.apple.product-type.bundle.ui-testing";
		};
/* End PBXNativeTarget section */

/* Begin PBXProject section */
		ED2A1FB52E4FBEDF00596C91 /* Project object */ = {
			isa = PBXProject;
			attributes = {
				BuildIndependentTargetsInParallel = 1;
				LastSwiftUpdateCheck = 1640;
				LastUpgradeCheck = 1640;
				TargetAttributes = {
					ED2A1FBC2E4FBEE000596C91 = {
						CreatedOnToolsVersion = 16.4;
					};
					ED2A1FCB2E4FBEE100596C91 = {
						CreatedOnToolsVersion = 16.4;
						TestTargetID = ED2A1FBC2E4FBEE000596C91;
					};
					ED2A1FD52E4FBEE100596C91 = {
						CreatedOnToolsVersion = 16.4;
						TestTargetID = ED2A1FBC2E4FBEE000596C91;
					};
				};
			};
			buildConfigurationList = ED2A1FB82E4FBEDF00596C91 /* Build configuration list for PBXProject "human-tetris" */;
			developmentRegion = en;
			hasScannedForEncodings = 0;
			knownRegions = (
				en,
				Base,
			);
			mainGroup = ED2A1FB42E4FBEDF00596C91;
			minimizedProjectReferenceProxies = 1;
			packageReferences = (
				ED2A1FE92E4FE31C00596C91 /* XCRemoteSwiftPackageReference "Inject" */,
			);
			preferredProjectObjectVersion = 77;
			productRefGroup = ED2A1FBE2E4FBEE000596C91 /* Products */;
			projectDirPath = "";
			projectRoot = "";
			targets = (
				ED2A1FBC2E4FBEE000596C91 /* human-tetris */,
				ED2A1FCB2E4FBEE100596C91 /* human-tetrisTests */,
				ED2A1FD52E4FBEE100596C91 /* human-tetrisUITests */,
			);
		};
/* End PBXProject section */

/* Begin PBXResourcesBuildPhase section */
		ED2A1FBB2E4FBEE000596C91 /* Resources */ = {
			isa = PBXResourcesBuildPhase;
			buildActionMask = 2147483647;
			files = (
			);
			runOnlyForDeploymentPostprocessing = 0;
		};
		ED2A1FCA2E4FBEE100596C91 /* Resources */ = {
			isa = PBXResourcesBuildPhase;
			buildActionMask = 2147483647;
			files = (
			);
			runOnlyForDeploymentPostprocessing = 0;
		};
		ED2A1FD42E4FBEE100596C91 /* Resources */ = {
			isa = PBXResourcesBuildPhase;
			buildActionMask = 2147483647;
			files = (
			);
			runOnlyForDeploymentPostprocessing = 0;
		};
/* End PBXResourcesBuildPhase section */

/* Begin PBXSourcesBuildPhase section */
		ED2A1FB92E4FBEE000596C91 /* Sources */ = {
			isa = PBXSourcesBuildPhase;
			buildActionMask = 2147483647;
			files = (
			);
			runOnlyForDeploymentPostprocessing = 0;
		};
		ED2A1FC82E4FBEE100596C91 /* Sources */ = {
			isa = PBXSourcesBuildPhase;
			buildActionMask = 2147483647;
			files = (
			);
			runOnlyForDeploymentPostprocessing = 0;
		};
		ED2A1FD22E4FBEE100596C91 /* Sources */ = {
			isa = PBXSourcesBuildPhase;
			buildActionMask = 2147483647;
			files = (
			);
			runOnlyForDeploymentPostprocessing = 0;
		};
/* End PBXSourcesBuildPhase section */

/* Begin PBXTargetDependency section */
		ED2A1FCE2E4FBEE100596C91 /* PBXTargetDependency */ = {
			isa = PBXTargetDependency;
			target = ED2A1FBC2E4FBEE000596C91 /* human-tetris */;
			targetProxy = ED2A1FCD2E4FBEE100596C91 /* PBXContainerItemProxy */;
		};
		ED2A1FD82E4FBEE100596C91 /* PBXTargetDependency */ = {
			isa = PBXTargetDependency;
			target = ED2A1FBC2E4FBEE000596C91 /* human-tetris */;
			targetProxy = ED2A1FD72E4FBEE100596C91 /* PBXContainerItemProxy */;
		};
/* End PBXTargetDependency section */

/* Begin XCBuildConfiguration section */
		ED2A1FDE2E4FBEE100596C91 /* Debug */ = {
			isa = XCBuildConfiguration;
			buildSettings = {
				ALWAYS_SEARCH_USER_PATHS = NO;
				ASSETCATALOG_COMPILER_GENERATE_SWIFT_ASSET_SYMBOL_EXTENSIONS = YES;
				CLANG_ANALYZER_NONNULL = YES;
				CLANG_ANALYZER_NUMBER_OBJECT_CONVERSION = YES_AGGRESSIVE;
				CLANG_CXX_LANGUAGE_STANDARD = "gnu++20";
				CLANG_ENABLE_MODULES = YES;
				CLANG_ENABLE_OBJC_ARC = YES;
				CLANG_ENABLE_OBJC_WEAK = YES;
				CLANG_WARN_BLOCK_CAPTURE_AUTORELEASING = YES;
				CLANG_WARN_BOOL_CONVERSION = YES;
				CLANG_WARN_COMMA = YES;
				CLANG_WARN_CONSTANT_CONVERSION = YES;
				CLANG_WARN_DEPRECATED_OBJC_IMPLEMENTATIONS = YES;
				CLANG_WARN_DIRECT_OBJC_ISA_USAGE = YES_ERROR;
				CLANG_WARN_DOCUMENTATION_COMMENTS = YES;
				CLANG_WARN_EMPTY_BODY = YES;
				CLANG_WARN_ENUM_CONVERSION = YES;
				CLANG_WARN_INFINITE_RECURSION = YES;
				CLANG_WARN_INT_CONVERSION = YES;
				CLANG_WARN_NON_LITERAL_NULL_CONVERSION = YES;
				CLANG_WARN_OBJC_IMPLICIT_RETAIN_SELF = YES;
				CLANG_WARN_OBJC_LITERAL_CONVERSION = YES;
				CLANG_WARN_OBJC_ROOT_CLASS = YES_ERROR;
				CLANG_WARN_QUOTED_INCLUDE_IN_FRAMEWORK_HEADER = YES;
				CLANG_WARN_RANGE_LOOP_ANALYSIS = YES;
				CLANG_WARN_STRICT_PROTOTYPES = YES;
				CLANG_WARN_SUSPICIOUS_MOVE = YES;
				CLANG_WARN_UNGUARDED_AVAILABILITY = YES_AGGRESSIVE;
				CLANG_WARN_UNREACHABLE_CODE = YES;
				CLANG_WARN__DUPLICATE_METHOD_MATCH = YES;
				COPY_PHASE_STRIP = NO;
				DEBUG_INFORMATION_FORMAT = dwarf;
				ENABLE_STRICT_OBJC_MSGSEND = YES;
				ENABLE_TESTABILITY = YES;
				ENABLE_USER_SCRIPT_SANDBOXING = YES;
				GCC_C_LANGUAGE_STANDARD = gnu17;
				GCC_DYNAMIC_NO_PIC = NO;
				GCC_NO_COMMON_BLOCKS = YES;
				GCC_OPTIMIZATION_LEVEL = 0;
				GCC_PREPROCESSOR_DEFINITIONS = (
					"DEBUG=1",
					"$(inherited)",
				);
				GCC_WARN_64_TO_32_BIT_CONVERSION = YES;
				GCC_WARN_ABOUT_RETURN_TYPE = YES_ERROR;
				GCC_WARN_UNDECLARED_SELECTOR = YES;
				GCC_WARN_UNINITIALIZED_AUTOS = YES_AGGRESSIVE;
				GCC_WARN_UNUSED_FUNCTION = YES;
				GCC_WARN_UNUSED_VARIABLE = YES;
				IPHONEOS_DEPLOYMENT_TARGET = 18.5;
				LOCALIZATION_PREFERS_STRING_CATALOGS = YES;
				MTL_ENABLE_DEBUG_INFO = INCLUDE_SOURCE;
				MTL_FAST_MATH = YES;
				ONLY_ACTIVE_ARCH = YES;
				SDKROOT = iphoneos;
				SWIFT_ACTIVE_COMPILATION_CONDITIONS = "DEBUG $(inherited)";
				SWIFT_OPTIMIZATION_LEVEL = "-Onone";
			};
			name = Debug;
		};
		ED2A1FDF2E4FBEE100596C91 /* Release */ = {
			isa = XCBuildConfiguration;
			buildSettings = {
				ALWAYS_SEARCH_USER_PATHS = NO;
				ASSETCATALOG_COMPILER_GENERATE_SWIFT_ASSET_SYMBOL_EXTENSIONS = YES;
				CLANG_ANALYZER_NONNULL = YES;
				CLANG_ANALYZER_NUMBER_OBJECT_CONVERSION = YES_AGGRESSIVE;
				CLANG_CXX_LANGUAGE_STANDARD = "gnu++20";
				CLANG_ENABLE_MODULES = YES;
				CLANG_ENABLE_OBJC_ARC = YES;
				CLANG_ENABLE_OBJC_WEAK = YES;
				CLANG_WARN_BLOCK_CAPTURE_AUTORELEASING = YES;
				CLANG_WARN_BOOL_CONVERSION = YES;
				CLANG_WARN_COMMA = YES;
				CLANG_WARN_CONSTANT_CONVERSION = YES;
				CLANG_WARN_DEPRECATED_OBJC_IMPLEMENTATIONS = YES;
				CLANG_WARN_DIRECT_OBJC_ISA_USAGE = YES_ERROR;
				CLANG_WARN_DOCUMENTATION_COMMENTS = YES;
				CLANG_WARN_EMPTY_BODY = YES;
				CLANG_WARN_ENUM_CONVERSION = YES;
				CLANG_WARN_INFINITE_RECURSION = YES;
				CLANG_WARN_INT_CONVERSION = YES;
				CLANG_WARN_NON_LITERAL_NULL_CONVERSION = YES;
				CLANG_WARN_OBJC_IMPLICIT_RETAIN_SELF = YES;
				CLANG_WARN_OBJC_LITERAL_CONVERSION = YES;
				CLANG_WARN_OBJC_ROOT_CLASS = YES_ERROR;
				CLANG_WARN_QUOTED_INCLUDE_IN_FRAMEWORK_HEADER = YES;
				CLANG_WARN_RANGE_LOOP_ANALYSIS = YES;
				CLANG_WARN_STRICT_PROTOTYPES = YES;
				CLANG_WARN_SUSPICIOUS_MOVE = YES;
				CLANG_WARN_UNGUARDED_AVAILABILITY = YES_AGGRESSIVE;
				CLANG_WARN_UNREACHABLE_CODE = YES;
				CLANG_WARN__DUPLICATE_METHOD_MATCH = YES;
				COPY_PHASE_STRIP = NO;
				DEBUG_INFORMATION_FORMAT = "dwarf-with-dsym";
				ENABLE_NS_ASSERTIONS = NO;
				ENABLE_STRICT_OBJC_MSGSEND = YES;
				ENABLE_USER_SCRIPT_SANDBOXING = YES;
				GCC_C_LANGUAGE_STANDARD = gnu17;
				GCC_NO_COMMON_BLOCKS = YES;
				GCC_WARN_64_TO_32_BIT_CONVERSION = YES;
				GCC_WARN_ABOUT_RETURN_TYPE = YES_ERROR;
				GCC_WARN_UNDECLARED_SELECTOR = YES;
				GCC_WARN_UNINITIALIZED_AUTOS = YES_AGGRESSIVE;
				GCC_WARN_UNUSED_FUNCTION = YES;
				GCC_WARN_UNUSED_VARIABLE = YES;
				IPHONEOS_DEPLOYMENT_TARGET = 18.5;
				LOCALIZATION_PREFERS_STRING_CATALOGS = YES;
				MTL_ENABLE_DEBUG_INFO = NO;
				MTL_FAST_MATH = YES;
				SDKROOT = iphoneos;
				SWIFT_COMPILATION_MODE = wholemodule;
				VALIDATE_PRODUCT = YES;
			};
			name = Release;
		};
		ED2A1FE12E4FBEE100596C91 /* Debug */ = {
			isa = XCBuildConfiguration;
			buildSettings = {
				ASSETCATALOG_COMPILER_APPICON_NAME = AppIcon;
				ASSETCATALOG_COMPILER_GLOBAL_ACCENT_COLOR_NAME = AccentColor;
				CODE_SIGN_STYLE = Automatic;
				CURRENT_PROJECT_VERSION = 1;
				DEVELOPMENT_TEAM = Y2HVB22KBA;
				ENABLE_PREVIEWS = YES;
				GENERATE_INFOPLIST_FILE = YES;
				INFOPLIST_KEY_NSCameraUsageDescription = "このアプリは体の動きを認識してテトリスピースを生成するためにカメラを使用します。画像は端末内でのみ処理され、保存・送信されません。";
				INFOPLIST_KEY_NSFaceIDUsageDescription = "このアプリは表情認識のためにTrueDepthカメラを使用します";
				INFOPLIST_KEY_UIApplicationSceneManifest_Generation = YES;
				INFOPLIST_KEY_UIApplicationSupportsIndirectInputEvents = YES;
				INFOPLIST_KEY_UILaunchScreen_Generation = YES;
				INFOPLIST_KEY_UISupportedInterfaceOrientations_iPad = "UIInterfaceOrientationPortrait UIInterfaceOrientationPortraitUpsideDown UIInterfaceOrientationLandscapeLeft UIInterfaceOrientationLandscapeRight";
				INFOPLIST_KEY_UISupportedInterfaceOrientations_iPhone = "UIInterfaceOrientationPortrait UIInterfaceOrientationLandscapeLeft UIInterfaceOrientationLandscapeRight";
				LD_RUNPATH_SEARCH_PATHS = (
					"$(inherited)",
					"@executable_path/Frameworks",
				);
				MARKETING_VERSION = 1.0;
				PRODUCT_BUNDLE_IDENTIFIER = "tosaken.human-tetris";
				PRODUCT_NAME = "$(TARGET_NAME)";
				SWIFT_EMIT_LOC_STRINGS = YES;
				SWIFT_VERSION = 5.0;
				TARGETED_DEVICE_FAMILY = "1,2";
			};
			name = Debug;
		};
		ED2A1FE22E4FBEE100596C91 /* Release */ = {
			isa = XCBuildConfiguration;
			buildSettings = {
				ASSETCATALOG_COMPILER_APPICON_NAME = AppIcon;
				ASSETCATALOG_COMPILER_GLOBAL_ACCENT_COLOR_NAME = AccentColor;
				CODE_SIGN_STYLE = Automatic;
				CURRENT_PROJECT_VERSION = 1;
				DEVELOPMENT_TEAM = Y2HVB22KBA;
				ENABLE_PREVIEWS = YES;
				GENERATE_INFOPLIST_FILE = YES;
				INFOPLIST_KEY_NSCameraUsageDescription = "このアプリは体の動きを認識してテトリスピースを生成するためにカメラを使用します。画像は端末内でのみ処理され、保存・送信されません。";
				INFOPLIST_KEY_NSFaceIDUsageDescription = "このアプリは表情認識のためにTrueDepthカメラを使用します";
				INFOPLIST_KEY_UIApplicationSceneManifest_Generation = YES;
				INFOPLIST_KEY_UIApplicationSupportsIndirectInputEvents = YES;
				INFOPLIST_KEY_UILaunchScreen_Generation = YES;
				INFOPLIST_KEY_UISupportedInterfaceOrientations_iPad = "UIInterfaceOrientationPortrait UIInterfaceOrientationPortraitUpsideDown UIInterfaceOrientationLandscapeLeft UIInterfaceOrientationLandscapeRight";
				INFOPLIST_KEY_UISupportedInterfaceOrientations_iPhone = "UIInterfaceOrientationPortrait UIInterfaceOrientationLandscapeLeft UIInterfaceOrientationLandscapeRight";
				LD_RUNPATH_SEARCH_PATHS = (
					"$(inherited)",
					"@executable_path/Frameworks",
				);
				MARKETING_VERSION = 1.0;
				PRODUCT_BUNDLE_IDENTIFIER = "tosaken.human-tetris";
				PRODUCT_NAME = "$(TARGET_NAME)";
				SWIFT_EMIT_LOC_STRINGS = YES;
				SWIFT_VERSION = 5.0;
				TARGETED_DEVICE_FAMILY = "1,2";
			};
			name = Release;
		};
		ED2A1FE42E4FBEE100596C91 /* Debug */ = {
			isa = XCBuildConfiguration;
			buildSettings = {
				BUNDLE_LOADER = "$(TEST_HOST)";
				CODE_SIGN_STYLE = Automatic;
				CURRENT_PROJECT_VERSION = 1;
				GENERATE_INFOPLIST_FILE = YES;
				IPHONEOS_DEPLOYMENT_TARGET = 18.5;
				MARKETING_VERSION = 1.0;
				PRODUCT_BUNDLE_IDENTIFIER = "tosaken.human-tetrisTests";
				PRODUCT_NAME = "$(TARGET_NAME)";
				SWIFT_EMIT_LOC_STRINGS = NO;
				SWIFT_VERSION = 5.0;
				TARGETED_DEVICE_FAMILY = "1,2";
				TEST_HOST = "$(BUILT_PRODUCTS_DIR)/human-tetris.app/$(BUNDLE_EXECUTABLE_FOLDER_PATH)/human-tetris";
			};
			name = Debug;
		};
		ED2A1FE52E4FBEE100596C91 /* Release */ = {
			isa = XCBuildConfiguration;
			buildSettings = {
				BUNDLE_LOADER = "$(TEST_HOST)";
				CODE_SIGN_STYLE = Automatic;
				CURRENT_PROJECT_VERSION = 1;
				GENERATE_INFOPLIST_FILE = YES;
				IPHONEOS_DEPLOYMENT_TARGET = 18.5;
				MARKETING_VERSION = 1.0;
				PRODUCT_BUNDLE_IDENTIFIER = "tosaken.human-tetrisTests";
				PRODUCT_NAME = "$(TARGET_NAME)";
				SWIFT_EMIT_LOC_STRINGS = NO;
				SWIFT_VERSION = 5.0;
				TARGETED_DEVICE_FAMILY = "1,2";
				TEST_HOST = "$(BUILT_PRODUCTS_DIR)/human-tetris.app/$(BUNDLE_EXECUTABLE_FOLDER_PATH)/human-tetris";
			};
			name = Release;
		};
		ED2A1FE72E4FBEE100596C91 /* Debug */ = {
			isa = XCBuildConfiguration;
			buildSettings = {
				CODE_SIGN_STYLE = Automatic;
				CURRENT_PROJECT_VERSION = 1;
				GENERATE_INFOPLIST_FILE = YES;
				MARKETING_VERSION = 1.0;
				PRODUCT_BUNDLE_IDENTIFIER = "tosaken.human-tetrisUITests";
				PRODUCT_NAME = "$(TARGET_NAME)";
				SWIFT_EMIT_LOC_STRINGS = NO;
				SWIFT_VERSION = 5.0;
				TARGETED_DEVICE_FAMILY = "1,2";
				TEST_TARGET_NAME = "human-tetris";
			};
			name = Debug;
		};
		ED2A1FE82E4FBEE100596C91 /* Release */ = {
			isa = XCBuildConfiguration;
			buildSettings = {
				CODE_SIGN_STYLE = Automatic;
				CURRENT_PROJECT_VERSION = 1;
				GENERATE_INFOPLIST_FILE = YES;
				MARKETING_VERSION = 1.0;
				PRODUCT_BUNDLE_IDENTIFIER = "tosaken.human-tetrisUITests";
				PRODUCT_NAME = "$(TARGET_NAME)";
				SWIFT_EMIT_LOC_STRINGS = NO;
				SWIFT_VERSION = 5.0;
				TARGETED_DEVICE_FAMILY = "1,2";
				TEST_TARGET_NAME = "human-tetris";
			};
			name = Release;
		};
/* End XCBuildConfiguration section */

/* Begin XCConfigurationList section */
		ED2A1FB82E4FBEDF00596C91 /* Build configuration list for PBXProject "human-tetris" */ = {
			isa = XCConfigurationList;
			buildConfigurations = (
				ED2A1FDE2E4FBEE100596C91 /* Debug */,
				ED2A1FDF2E4FBEE100596C91 /* Release */,
			);
			defaultConfigurationIsVisible = 0;
			defaultConfigurationName = Release;
		};
		ED2A1FE02E4FBEE100596C91 /* Build configuration list for PBXNativeTarget "human-tetris" */ = {
			isa = XCConfigurationList;
			buildConfigurations = (
				ED2A1FE12E4FBEE100596C91 /* Debug */,
				ED2A1FE22E4FBEE100596C91 /* Release */,
			);
			defaultConfigurationIsVisible = 0;
			defaultConfigurationName = Release;
		};
		ED2A1FE32E4FBEE100596C91 /* Build configuration list for PBXNativeTarget "human-tetrisTests" */ = {
			isa = XCConfigurationList;
			buildConfigurations = (
				ED2A1FE42E4FBEE100596C91 /* Debug */,
				ED2A1FE52E4FBEE100596C91 /* Release */,
			);
			defaultConfigurationIsVisible = 0;
			defaultConfigurationName = Release;
		};
		ED2A1FE62E4FBEE100596C91 /* Build configuration list for PBXNativeTarget "human-tetrisUITests" */ = {
			isa = XCConfigurationList;
			buildConfigurations = (
				ED2A1FE72E4FBEE100596C91 /* Debug */,
				ED2A1FE82E4FBEE100596C91 /* Release */,
			);
			defaultConfigurationIsVisible = 0;
			defaultConfigurationName = Release;
		};
/* End XCConfigurationList section */

/* Begin XCRemoteSwiftPackageReference section */
		ED2A1FE92E4FE31C00596C91 /* XCRemoteSwiftPackageReference "Inject" */ = {
			isa = XCRemoteSwiftPackageReference;
			repositoryURL = "https://github.com/krzysztofzablocki/Inject.git";
			requirement = {
				kind = upToNextMajorVersion;
				minimumVersion = 1.5.2;
			};
		};
/* End XCRemoteSwiftPackageReference section */

/* Begin XCSwiftPackageProductDependency section */
		ED2A1FEB2E4FE40200596C91 /* Inject */ = {
			isa = XCSwiftPackageProductDependency;
			package = ED2A1FE92E4FE31C00596C91 /* XCRemoteSwiftPackageReference "Inject" */;
			productName = Inject;
		};
/* End XCSwiftPackageProductDependency section */
	};
	rootObject = ED2A1FB52E4FBEDF00596C91 /* Project object */;
}
